
Microsoft Visual Studio Solution File, Format Version 12.00
# Visual Studio Version 16
VisualStudioVersion = 16.0.31624.102
MinimumVisualStudioVersion = 10.0.40219.1
Project("{FAE04EC0-301F-11D3-BF4B-00C04F79EFBC}") = "KisiselFilmArsivAPP", "KisiselFilmArsivAPP\KisiselFilmArsivAPP.csproj", "{4875D222-1F24-4176-B12D-E884E802893A}"
EndProject
Global
	GlobalSection(SolutionConfigurationPlatforms) = preSolution
		Debug|Any CPU = Debug|Any CPU
		Release|Any CPU = Release|Any CPU
	EndGlobalSection
	GlobalSection(ProjectConfigurationPlatforms) = postSolution
		{4875D222-1F24-4176-B12D-E884E802893A}.Debug|Any CPU.ActiveCfg = Debug|Any CPU
		{4875D222-1F24-4176-B12D-E884E802893A}.Debug|Any CPU.Build.0 = Debug|Any CPU
		{4875D222-1F24-4176-B12D-E884E802893A}.Release|Any CPU.ActiveCfg = Release|Any CPU
		{4875D222-1F24-4176-B12D-E884E802893A}.Release|Any CPU.Build.0 = Release|Any CPU
	EndGlobalSection
	GlobalSection(SolutionProperties) = preSolution
		HideSolutionNode = FALSE
	EndGlobalSection
	GlobalSection(ExtensibilityGlobals) = postSolution
		SolutionGuid = {54AF4C28-8C19-412F-9145-D591FD2536A1}
	EndGlobalSection
EndGlobal
