
Microsoft Visual Studio Solution File, Format Version 12.00
# Visual Studio Version 16
VisualStudioVersion = 16.0.31624.102
MinimumVisualStudioVersion = 10.0.40219.1
Project("{FAE04EC0-301F-11D3-BF4B-00C04F79EFBC}") = "MesajlasmaSistemiAPP", "MesajlasmaSistemiAPP\MesajlasmaSistemiAPP.csproj", "{26BD515C-E75B-4D0F-95BB-A276F4477151}"
EndProject
Project("{FAE04EC0-301F-11D3-BF4B-00C04F79EFBC}") = "BLL", "BLL\BLL.csproj", "{7B47AFB1-8D1E-4E29-A8B4-33E9AD33FCD5}"
EndProject
Project("{FAE04EC0-301F-11D3-BF4B-00C04F79EFBC}") = "DAL", "DAL\DAL.csproj", "{169934AC-BDEE-48AC-B716-22C25EA4CBDF}"
EndProject
Global
	GlobalSection(SolutionConfigurationPlatforms) = preSolution
		Debug|Any CPU = Debug|Any CPU
		Release|Any CPU = Release|Any CPU
	EndGlobalSection
	GlobalSection(ProjectConfigurationPlatforms) = postSolution
		{26BD515C-E75B-4D0F-95BB-A276F4477151}.Debug|Any CPU.ActiveCfg = Debug|Any CPU
		{26BD515C-E75B-4D0F-95BB-A276F4477151}.Debug|Any CPU.Build.0 = Debug|Any CPU
		{26BD515C-E75B-4D0F-95BB-A276F4477151}.Release|Any CPU.ActiveCfg = Release|Any CPU
		{26BD515C-E75B-4D0F-95BB-A276F4477151}.Release|Any CPU.Build.0 = Release|Any CPU
		{7B47AFB1-8D1E-4E29-A8B4-33E9AD33FCD5}.Debug|Any CPU.ActiveCfg = Debug|Any CPU
		{7B47AFB1-8D1E-4E29-A8B4-33E9AD33FCD5}.Debug|Any CPU.Build.0 = Debug|Any CPU
		{7B47AFB1-8D1E-4E29-A8B4-33E9AD33FCD5}.Release|Any CPU.ActiveCfg = Release|Any CPU
		{7B47AFB1-8D1E-4E29-A8B4-33E9AD33FCD5}.Release|Any CPU.Build.0 = Release|Any CPU
		{169934AC-BDEE-48AC-B716-22C25EA4CBDF}.Debug|Any CPU.ActiveCfg = Debug|Any CPU
		{169934AC-BDEE-48AC-B716-22C25EA4CBDF}.Debug|Any CPU.Build.0 = Debug|Any CPU
		{169934AC-BDEE-48AC-B716-22C25EA4CBDF}.Release|Any CPU.ActiveCfg = Release|Any CPU
		{169934AC-BDEE-48AC-B716-22C25EA4CBDF}.Release|Any CPU.Build.0 = Release|Any CPU
	EndGlobalSection
	GlobalSection(SolutionProperties) = preSolution
		HideSolutionNode = FALSE
	EndGlobalSection
	GlobalSection(ExtensibilityGlobals) = postSolution
		SolutionGuid = {036E87F5-EF95-4498-9626-35686E2E34BA}
	EndGlobalSection
EndGlobal
