
Microsoft Visual Studio Solution File, Format Version 12.00
# Visual Studio Version 16
VisualStudioVersion = 16.0.31624.102
MinimumVisualStudioVersion = 10.0.40219.1
Project("{FAE04EC0-301F-11D3-BF4B-00C04F79EFBC}") = "2DNesneAPP", "2DNesneAPP\2DNesneAPP.csproj", "{51129748-ED6C-4BE8-AD05-8A529D4477E6}"
EndProject
Global
	GlobalSection(SolutionConfigurationPlatforms) = preSolution
		Debug|Any CPU = Debug|Any CPU
		Release|Any CPU = Release|Any CPU
	EndGlobalSection
	GlobalSection(ProjectConfigurationPlatforms) = postSolution
		{51129748-ED6C-4BE8-AD05-8A529D4477E6}.Debug|Any CPU.ActiveCfg = Debug|Any CPU
		{51129748-ED6C-4BE8-AD05-8A529D4477E6}.Debug|Any CPU.Build.0 = Debug|Any CPU
		{51129748-ED6C-4BE8-AD05-8A529D4477E6}.Release|Any CPU.ActiveCfg = Release|Any CPU
		{51129748-ED6C-4BE8-AD05-8A529D4477E6}.Release|Any CPU.Build.0 = Release|Any CPU
	EndGlobalSection
	GlobalSection(SolutionProperties) = preSolution
		HideSolutionNode = FALSE
	EndGlobalSection
	GlobalSection(ExtensibilityGlobals) = postSolution
		SolutionGuid = {4FFCA9ED-97AF-4EED-A3E9-A8000D89AFF0}
	EndGlobalSection
EndGlobal
